
Microsoft Visual Studio Solution File, Format Version 12.00
# Visual Studio 15
VisualStudioVersion = 15.0.27428.2011
MinimumVisualStudioVersion = 10.0.40219.1
Project("{FAE04EC0-301F-11D3-BF4B-00C04F79EFBC}") = "FingerPrintModule", "FingerPrintModule.csproj", "{403ED447-78F9-461A-BFA9-93FD8F8E21FE}"
EndProject
Project("{930C7802-8A8C-48F9-8165-68863BCCD9DD}") = "Biometric.Installer", "Biometric.Installer\Biometric.Installer.wixproj", "{CD661B08-ECA6-494B-B435-0421968C2387}"
EndProject
Project("{930C7802-8A8C-48F9-8165-68863BCCD9DD}") = "Installation.Bundler", "Installation.Bundler\Installation.Bundler.wixproj", "{BE936369-AAB1-46ED-89E9-E65A01EBA6EC}"
EndProject
Project("{FAE04EC0-301F-11D3-BF4B-00C04F79EFBC}") = "Uninstall", "Uninstall\Uninstall.csproj", "{29A1F3EF-8674-4D55-8630-D7C672BBB267}"
EndProject
Project("{930C7802-8A8C-48F9-8165-68863BCCD9DD}") = "Uninstaller", "Uninstaller\Uninstaller.wixproj", "{F24CD1D7-BEAB-4FB7-8766-3F01892D2350}"
EndProject
Project("{FAE04EC0-301F-11D3-BF4B-00C04F79EFBC}") = "CommonLib", "CommonLib\CommonLib.csproj", "{362DAEDF-101E-4319-9F2D-DEF3E5ADCC46}"
EndProject
Project("{FAE04EC0-301F-11D3-BF4B-00C04F79EFBC}") = "FingerPrintDesktop", "FingerPrintDesktop\FingerPrintDesktop.csproj", "{0A3A4AFD-13AB-47FD-AE45-0CB99820DCFB}"
EndProject
Global
	GlobalSection(SolutionConfigurationPlatforms) = preSolution
		Debug|Any CPU = Debug|Any CPU
		Debug|x64 = Debug|x64
		Debug|x86 = Debug|x86
		Release|Any CPU = Release|Any CPU
		Release|x64 = Release|x64
		Release|x86 = Release|x86
	EndGlobalSection
	GlobalSection(ProjectConfigurationPlatforms) = postSolution
		{403ED447-78F9-461A-BFA9-93FD8F8E21FE}.Debug|Any CPU.ActiveCfg = Debug|Any CPU
		{403ED447-78F9-461A-BFA9-93FD8F8E21FE}.Debug|Any CPU.Build.0 = Debug|Any CPU
		{403ED447-78F9-461A-BFA9-93FD8F8E21FE}.Debug|x64.ActiveCfg = Debug|Any CPU
		{403ED447-78F9-461A-BFA9-93FD8F8E21FE}.Debug|x64.Build.0 = Debug|Any CPU
		{403ED447-78F9-461A-BFA9-93FD8F8E21FE}.Debug|x86.ActiveCfg = Debug|Any CPU
		{403ED447-78F9-461A-BFA9-93FD8F8E21FE}.Debug|x86.Build.0 = Debug|Any CPU
		{403ED447-78F9-461A-BFA9-93FD8F8E21FE}.Release|Any CPU.ActiveCfg = Release|Any CPU
		{403ED447-78F9-461A-BFA9-93FD8F8E21FE}.Release|Any CPU.Build.0 = Release|Any CPU
		{403ED447-78F9-461A-BFA9-93FD8F8E21FE}.Release|x64.ActiveCfg = Release|Any CPU
		{403ED447-78F9-461A-BFA9-93FD8F8E21FE}.Release|x64.Build.0 = Release|Any CPU
		{403ED447-78F9-461A-BFA9-93FD8F8E21FE}.Release|x86.ActiveCfg = Release|Any CPU
		{403ED447-78F9-461A-BFA9-93FD8F8E21FE}.Release|x86.Build.0 = Release|Any CPU
		{CD661B08-ECA6-494B-B435-0421968C2387}.Debug|Any CPU.ActiveCfg = Debug|x86
		{CD661B08-ECA6-494B-B435-0421968C2387}.Debug|x64.ActiveCfg = Debug|x86
		{CD661B08-ECA6-494B-B435-0421968C2387}.Debug|x86.ActiveCfg = Debug|x86
		{CD661B08-ECA6-494B-B435-0421968C2387}.Debug|x86.Build.0 = Debug|x86
		{CD661B08-ECA6-494B-B435-0421968C2387}.Release|Any CPU.ActiveCfg = Release|x86
		{CD661B08-ECA6-494B-B435-0421968C2387}.Release|x64.ActiveCfg = Release|x86
		{CD661B08-ECA6-494B-B435-0421968C2387}.Release|x86.ActiveCfg = Release|x86
		{CD661B08-ECA6-494B-B435-0421968C2387}.Release|x86.Build.0 = Release|x86
		{BE936369-AAB1-46ED-89E9-E65A01EBA6EC}.Debug|Any CPU.ActiveCfg = Debug|x86
		{BE936369-AAB1-46ED-89E9-E65A01EBA6EC}.Debug|x64.ActiveCfg = Debug|x86
		{BE936369-AAB1-46ED-89E9-E65A01EBA6EC}.Debug|x86.ActiveCfg = Debug|x86
		{BE936369-AAB1-46ED-89E9-E65A01EBA6EC}.Debug|x86.Build.0 = Debug|x86
		{BE936369-AAB1-46ED-89E9-E65A01EBA6EC}.Release|Any CPU.ActiveCfg = Release|x86
		{BE936369-AAB1-46ED-89E9-E65A01EBA6EC}.Release|x64.ActiveCfg = Release|x86
		{BE936369-AAB1-46ED-89E9-E65A01EBA6EC}.Release|x86.ActiveCfg = Release|x86
		{BE936369-AAB1-46ED-89E9-E65A01EBA6EC}.Release|x86.Build.0 = Release|x86
		{29A1F3EF-8674-4D55-8630-D7C672BBB267}.Debug|Any CPU.ActiveCfg = Debug|Any CPU
		{29A1F3EF-8674-4D55-8630-D7C672BBB267}.Debug|Any CPU.Build.0 = Debug|Any CPU
		{29A1F3EF-8674-4D55-8630-D7C672BBB267}.Debug|x64.ActiveCfg = Debug|Any CPU
		{29A1F3EF-8674-4D55-8630-D7C672BBB267}.Debug|x64.Build.0 = Debug|Any CPU
		{29A1F3EF-8674-4D55-8630-D7C672BBB267}.Debug|x86.ActiveCfg = Debug|Any CPU
		{29A1F3EF-8674-4D55-8630-D7C672BBB267}.Debug|x86.Build.0 = Debug|Any CPU
		{29A1F3EF-8674-4D55-8630-D7C672BBB267}.Release|Any CPU.ActiveCfg = Release|Any CPU
		{29A1F3EF-8674-4D55-8630-D7C672BBB267}.Release|Any CPU.Build.0 = Release|Any CPU
		{29A1F3EF-8674-4D55-8630-D7C672BBB267}.Release|x64.ActiveCfg = Release|Any CPU
		{29A1F3EF-8674-4D55-8630-D7C672BBB267}.Release|x64.Build.0 = Release|Any CPU
		{29A1F3EF-8674-4D55-8630-D7C672BBB267}.Release|x86.ActiveCfg = Release|Any CPU
		{29A1F3EF-8674-4D55-8630-D7C672BBB267}.Release|x86.Build.0 = Release|Any CPU
		{F24CD1D7-BEAB-4FB7-8766-3F01892D2350}.Debug|Any CPU.ActiveCfg = Debug|x86
		{F24CD1D7-BEAB-4FB7-8766-3F01892D2350}.Debug|x64.ActiveCfg = Debug|x86
		{F24CD1D7-BEAB-4FB7-8766-3F01892D2350}.Debug|x86.ActiveCfg = Debug|x86
		{F24CD1D7-BEAB-4FB7-8766-3F01892D2350}.Debug|x86.Build.0 = Debug|x86
		{F24CD1D7-BEAB-4FB7-8766-3F01892D2350}.Release|Any CPU.ActiveCfg = Release|x86
		{F24CD1D7-BEAB-4FB7-8766-3F01892D2350}.Release|x64.ActiveCfg = Release|x86
		{F24CD1D7-BEAB-4FB7-8766-3F01892D2350}.Release|x86.ActiveCfg = Release|x86
		{F24CD1D7-BEAB-4FB7-8766-3F01892D2350}.Release|x86.Build.0 = Release|x86
		{362DAEDF-101E-4319-9F2D-DEF3E5ADCC46}.Debug|Any CPU.ActiveCfg = Debug|Any CPU
		{362DAEDF-101E-4319-9F2D-DEF3E5ADCC46}.Debug|Any CPU.Build.0 = Debug|Any CPU
		{362DAEDF-101E-4319-9F2D-DEF3E5ADCC46}.Debug|x64.ActiveCfg = Debug|Any CPU
		{362DAEDF-101E-4319-9F2D-DEF3E5ADCC46}.Debug|x64.Build.0 = Debug|Any CPU
		{362DAEDF-101E-4319-9F2D-DEF3E5ADCC46}.Debug|x86.ActiveCfg = Debug|Any CPU
		{362DAEDF-101E-4319-9F2D-DEF3E5ADCC46}.Debug|x86.Build.0 = Debug|Any CPU
		{362DAEDF-101E-4319-9F2D-DEF3E5ADCC46}.Release|Any CPU.ActiveCfg = Release|Any CPU
		{362DAEDF-101E-4319-9F2D-DEF3E5ADCC46}.Release|Any CPU.Build.0 = Release|Any CPU
		{362DAEDF-101E-4319-9F2D-DEF3E5ADCC46}.Release|x64.ActiveCfg = Release|Any CPU
		{362DAEDF-101E-4319-9F2D-DEF3E5ADCC46}.Release|x64.Build.0 = Release|Any CPU
		{362DAEDF-101E-4319-9F2D-DEF3E5ADCC46}.Release|x86.ActiveCfg = Release|Any CPU
		{362DAEDF-101E-4319-9F2D-DEF3E5ADCC46}.Release|x86.Build.0 = Release|Any CPU
		{0A3A4AFD-13AB-47FD-AE45-0CB99820DCFB}.Debug|Any CPU.ActiveCfg = Debug|Any CPU
		{0A3A4AFD-13AB-47FD-AE45-0CB99820DCFB}.Debug|Any CPU.Build.0 = Debug|Any CPU
		{0A3A4AFD-13AB-47FD-AE45-0CB99820DCFB}.Debug|x64.ActiveCfg = Debug|Any CPU
		{0A3A4AFD-13AB-47FD-AE45-0CB99820DCFB}.Debug|x64.Build.0 = Debug|Any CPU
		{0A3A4AFD-13AB-47FD-AE45-0CB99820DCFB}.Debug|x86.ActiveCfg = Debug|Any CPU
		{0A3A4AFD-13AB-47FD-AE45-0CB99820DCFB}.Debug|x86.Build.0 = Debug|Any CPU
		{0A3A4AFD-13AB-47FD-AE45-0CB99820DCFB}.Release|Any CPU.ActiveCfg = Release|Any CPU
		{0A3A4AFD-13AB-47FD-AE45-0CB99820DCFB}.Release|Any CPU.Build.0 = Release|Any CPU
		{0A3A4AFD-13AB-47FD-AE45-0CB99820DCFB}.Release|x64.ActiveCfg = Release|Any CPU
		{0A3A4AFD-13AB-47FD-AE45-0CB99820DCFB}.Release|x64.Build.0 = Release|Any CPU
		{0A3A4AFD-13AB-47FD-AE45-0CB99820DCFB}.Release|x86.ActiveCfg = Release|Any CPU
		{0A3A4AFD-13AB-47FD-AE45-0CB99820DCFB}.Release|x86.Build.0 = Release|Any CPU
	EndGlobalSection
	GlobalSection(SolutionProperties) = preSolution
		HideSolutionNode = FALSE
	EndGlobalSection
	GlobalSection(ExtensibilityGlobals) = postSolution
		SolutionGuid = {CD8C05A3-533E-4C66-99F8-C595727F4640}
	EndGlobalSection
EndGlobal
